
Microsoft Visual Studio Solution File, Format Version 12.00
# Visual Studio Version 17
VisualStudioVersion = 17.3.32825.248
MinimumVisualStudioVersion = 10.0.40219.1
Project("{FAE04EC0-301F-11D3-BF4B-00C04F79EFBC}") = "CRUD_STORE_PROCEDURE", "CRUD_STORE_PROCEDURE.csproj", "{BE890D48-BB4D-40C0-BAEE-417FD2F3A664}"
EndProject
Project("{FAE04EC0-301F-11D3-BF4B-00C04F79EFBC}") = "BusinessLayer", "..\BusinessLayer\BusinessLayer.csproj", "{B7B009CA-2E0C-4689-8082-93769BDBFB44}"
EndProject
Project("{FAE04EC0-301F-11D3-BF4B-00C04F79EFBC}") = "DataLayerClass", "..\DataLayerClass\DataLayerClass.csproj", "{DA1D4AC0-81FC-4942-B9E5-AD72B32FD6B8}"
EndProject
Project("{FAE04EC0-301F-11D3-BF4B-00C04F79EFBC}") = "EntityDb", "..\EntityDb\EntityDb.csproj", "{9F377076-74D8-407B-971B-90F3CF51B2A0}"
EndProject
Global
	GlobalSection(SolutionConfigurationPlatforms) = preSolution
		Debug|Any CPU = Debug|Any CPU
		Release|Any CPU = Release|Any CPU
	EndGlobalSection
	GlobalSection(ProjectConfigurationPlatforms) = postSolution
		{BE890D48-BB4D-40C0-BAEE-417FD2F3A664}.Debug|Any CPU.ActiveCfg = Debug|Any CPU
		{BE890D48-BB4D-40C0-BAEE-417FD2F3A664}.Debug|Any CPU.Build.0 = Debug|Any CPU
		{BE890D48-BB4D-40C0-BAEE-417FD2F3A664}.Release|Any CPU.ActiveCfg = Release|Any CPU
		{BE890D48-BB4D-40C0-BAEE-417FD2F3A664}.Release|Any CPU.Build.0 = Release|Any CPU
		{B7B009CA-2E0C-4689-8082-93769BDBFB44}.Debug|Any CPU.ActiveCfg = Debug|Any CPU
		{B7B009CA-2E0C-4689-8082-93769BDBFB44}.Debug|Any CPU.Build.0 = Debug|Any CPU
		{B7B009CA-2E0C-4689-8082-93769BDBFB44}.Release|Any CPU.ActiveCfg = Release|Any CPU
		{B7B009CA-2E0C-4689-8082-93769BDBFB44}.Release|Any CPU.Build.0 = Release|Any CPU
		{DA1D4AC0-81FC-4942-B9E5-AD72B32FD6B8}.Debug|Any CPU.ActiveCfg = Debug|Any CPU
		{DA1D4AC0-81FC-4942-B9E5-AD72B32FD6B8}.Debug|Any CPU.Build.0 = Debug|Any CPU
		{DA1D4AC0-81FC-4942-B9E5-AD72B32FD6B8}.Release|Any CPU.ActiveCfg = Release|Any CPU
		{DA1D4AC0-81FC-4942-B9E5-AD72B32FD6B8}.Release|Any CPU.Build.0 = Release|Any CPU
		{9F377076-74D8-407B-971B-90F3CF51B2A0}.Debug|Any CPU.ActiveCfg = Debug|Any CPU
		{9F377076-74D8-407B-971B-90F3CF51B2A0}.Debug|Any CPU.Build.0 = Debug|Any CPU
		{9F377076-74D8-407B-971B-90F3CF51B2A0}.Release|Any CPU.ActiveCfg = Release|Any CPU
		{9F377076-74D8-407B-971B-90F3CF51B2A0}.Release|Any CPU.Build.0 = Release|Any CPU
	EndGlobalSection
	GlobalSection(SolutionProperties) = preSolution
		HideSolutionNode = FALSE
	EndGlobalSection
	GlobalSection(ExtensibilityGlobals) = postSolution
		SolutionGuid = {464B4402-20A1-44F6-975C-8F222CB137C2}
	EndGlobalSection
EndGlobal
